// !$*UTF8*$!
{
	archiveVersion = 1;
	classes = {
	};
	objectVersion = 48;
	objects = {

/* Begin PBXBuildFile section */
		B6E433602046425F002CAB4F /* AppDelegate.swift in Sources */ = {isa = PBXBuildFile; fileRef = B6E4335F2046425F002CAB4F /* AppDelegate.swift */; };
		B6E433622046425F002CAB4F /* ReservedCourts.swift in Sources */ = {isa = PBXBuildFile; fileRef = B6E433612046425F002CAB4F /* ReservedCourts.swift */; };
		B6E433652046425F002CAB4F /* Main.storyboard in Resources */ = {isa = PBXBuildFile; fileRef = B6E433632046425F002CAB4F /* Main.storyboard */; };
		B6E433682046425F002CAB4F /* nZone.xcdatamodeld in Sources */ = {isa = PBXBuildFile; fileRef = B6E433662046425F002CAB4F /* nZone.xcdatamodeld */; };
		B6E4336A2046425F002CAB4F /* Assets.xcassets in Resources */ = {isa = PBXBuildFile; fileRef = B6E433692046425F002CAB4F /* Assets.xcassets */; };
		B6E4336D2046425F002CAB4F /* LaunchScreen.storyboard in Resources */ = {isa = PBXBuildFile; fileRef = B6E4336B2046425F002CAB4F /* LaunchScreen.storyboard */; };
		B6E43377204642D4002CAB4F /* Announcements.swift in Sources */ = {isa = PBXBuildFile; fileRef = B6E43376204642D4002CAB4F /* Announcements.swift */; };
		B6E4337920464A33002CAB4F /* ReserveCourts.swift in Sources */ = {isa = PBXBuildFile; fileRef = B6E4337820464A33002CAB4F /* ReserveCourts.swift */; };
/* End PBXBuildFile section */

/* Begin PBXFileReference section */
		B6E4335C2046425F002CAB4F /* nZone.app */ = {isa = PBXFileReference; explicitFileType = wrapper.application; includeInIndex = 0; path = nZone.app; sourceTree = BUILT_PRODUCTS_DIR; };
		B6E4335F2046425F002CAB4F /* AppDelegate.swift */ = {isa = PBXFileReference; lastKnownFileType = sourcecode.swift; path = AppDelegate.swift; sourceTree = "<group>"; };
		B6E433612046425F002CAB4F /* ReservedCourts.swift */ = {isa = PBXFileReference; lastKnownFileType = sourcecode.swift; path = ReservedCourts.swift; sourceTree = "<group>"; };
		B6E433642046425F002CAB4F /* Base */ = {isa = PBXFileReference; lastKnownFileType = file.storyboard; name = Base; path = Base.lproj/Main.storyboard; sourceTree = "<group>"; };
		B6E433672046425F002CAB4F /* nZone.xcdatamodel */ = {isa = PBXFileReference; lastKnownFileType = wrapper.xcdatamodel; path = nZone.xcdatamodel; sourceTree = "<group>"; };
		B6E433692046425F002CAB4F /* Assets.xcassets */ = {isa = PBXFileReference; lastKnownFileType = folder.assetcatalog; path = Assets.xcassets; sourceTree = "<group>"; };
		B6E4336C2046425F002CAB4F /* Base */ = {isa = PBXFileReference; lastKnownFileType = file.storyboard; name = Base; path = Base.lproj/LaunchScreen.storyboard; sourceTree = "<group>"; };
		B6E4336E2046425F002CAB4F /* Info.plist */ = {isa = PBXFileReference; lastKnownFileType = text.plist.xml; path = Info.plist; sourceTree = "<group>"; };
		B6E43376204642D4002CAB4F /* Announcements.swift */ = {isa = PBXFileReference; lastKnownFileType = sourcecode.swift; path = Announcements.swift; sourceTree = "<group>"; };
		B6E4337820464A33002CAB4F /* ReserveCourts.swift */ = {isa = PBXFileReference; lastKnownFileType = sourcecode.swift; path = ReserveCourts.swift; sourceTree = "<group>"; };
/* End PBXFileReference section */

/* Begin PBXFrameworksBuildPhase section */
		B6E433592046425F002CAB4F /* Frameworks */ = {
			isa = PBXFrameworksBuildPhase;
			buildActionMask = 2147483647;
			files = (
			);
			runOnlyForDeploymentPostprocessing = 0;
		};
/* End PBXFrameworksBuildPhase section */

/* Begin PBXGroup section */
		B6E433532046425F002CAB4F = {
			isa = PBXGroup;
			children = (
				B6E4335E2046425F002CAB4F /* nZone */,
				B6E4335D2046425F002CAB4F /* Products */,
			);
			sourceTree = "<group>";
		};
		B6E4335D2046425F002CAB4F /* Products */ = {
			isa = PBXGroup;
			children = (
				B6E4335C2046425F002CAB4F /* nZone.app */,
			);
			name = Products;
			sourceTree = "<group>";
		};
		B6E4335E2046425F002CAB4F /* nZone */ = {
			isa = PBXGroup;
			children = (
				B6E4335F2046425F002CAB4F /* AppDelegate.swift */,
				B6E4337520464278002CAB4F /* Controller */,
				B6E433742046426E002CAB4F /* Storyboard */,
				B6E433692046425F002CAB4F /* Assets.xcassets */,
				B6E4336E2046425F002CAB4F /* Info.plist */,
				B6E433662046425F002CAB4F /* nZone.xcdatamodeld */,
			);
			path = nZone;
			sourceTree = "<group>";
		};
		B6E433742046426E002CAB4F /* Storyboard */ = {
			isa = PBXGroup;
			children = (
				B6E433632046425F002CAB4F /* Main.storyboard */,
				B6E4336B2046425F002CAB4F /* LaunchScreen.storyboard */,
			);
			path = Storyboard;
			sourceTree = "<group>";
		};
		B6E4337520464278002CAB4F /* Controller */ = {
			isa = PBXGroup;
			children = (
				B6E433612046425F002CAB4F /* ReservedCourts.swift */,
				B6E43376204642D4002CAB4F /* Announcements.swift */,
				B6E4337820464A33002CAB4F /* ReserveCourts.swift */,
			);
			path = Controller;
			sourceTree = "<group>";
		};
/* End PBXGroup section */

/* Begin PBXNativeTarget section */
		B6E4335B2046425F002CAB4F /* nZone */ = {
			isa = PBXNativeTarget;
			buildConfigurationList = B6E433712046425F002CAB4F /* Build configuration list for PBXNativeTarget "nZone" */;
			buildPhases = (
				B6E433582046425F002CAB4F /* Sources */,
				B6E433592046425F002CAB4F /* Frameworks */,
				B6E4335A2046425F002CAB4F /* Resources */,
			);
			buildRules = (
			);
			dependencies = (
			);
			name = nZone;
			productName = nZone;
			productReference = B6E4335C2046425F002CAB4F /* nZone.app */;
			productType = "com.apple.product-type.application";
		};
/* End PBXNativeTarget section */

/* Begin PBXProject section */
		B6E433542046425F002CAB4F /* Project object */ = {
			isa = PBXProject;
			attributes = {
				LastSwiftUpdateCheck = 0920;
				LastUpgradeCheck = 0920;
				ORGANIZATIONNAME = "Dominic Philip";
				TargetAttributes = {
					B6E4335B2046425F002CAB4F = {
						CreatedOnToolsVersion = 9.2;
						ProvisioningStyle = Automatic;
					};
				};
			};
			buildConfigurationList = B6E433572046425F002CAB4F /* Build configuration list for PBXProject "nZone" */;
			compatibilityVersion = "Xcode 8.0";
			developmentRegion = en;
			hasScannedForEncodings = 0;
			knownRegions = (
				en,
				Base,
			);
			mainGroup = B6E433532046425F002CAB4F;
			productRefGroup = B6E4335D2046425F002CAB4F /* Products */;
			projectDirPath = "";
			projectRoot = "";
			targets = (
				B6E4335B2046425F002CAB4F /* nZone */,
			);
		};
/* End PBXProject section */

/* Begin PBXResourcesBuildPhase section */
		B6E4335A2046425F002CAB4F /* Resources */ = {
			isa = PBXResourcesBuildPhase;
			buildActionMask = 2147483647;
			files = (
				B6E4336D2046425F002CAB4F /* LaunchScreen.storyboard in Resources */,
				B6E4336A2046425F002CAB4F /* Assets.xcassets in Resources */,
				B6E433652046425F002CAB4F /* Main.storyboard in Resources */,
			);
			runOnlyForDeploymentPostprocessing = 0;
		};
/* End PBXResourcesBuildPhase section */

/* Begin PBXSourcesBuildPhase section */
		B6E433582046425F002CAB4F /* Sources */ = {
			isa = PBXSourcesBuildPhase;
			buildActionMask = 2147483647;
			files = (
				B6E43377204642D4002CAB4F /* Announcements.swift in Sources */,
				B6E433682046425F002CAB4F /* nZone.xcdatamodeld in Sources */,
				B6E4337920464A33002CAB4F /* ReserveCourts.swift in Sources */,
				B6E433622046425F002CAB4F /* ReservedCourts.swift in Sources */,
				B6E433602046425F002CAB4F /* AppDelegate.swift in Sources */,
			);
			runOnlyForDeploymentPostprocessing = 0;
		};
/* End PBXSourcesBuildPhase section */

/* Begin PBXVariantGroup section */
		B6E433632046425F002CAB4F /* Main.storyboard */ = {
			isa = PBXVariantGroup;
			children = (
				B6E433642046425F002CAB4F /* Base */,
			);
			name = Main.storyboard;
			sourceTree = "<group>";
		};
		B6E4336B2046425F002CAB4F /* LaunchScreen.storyboard */ = {
			isa = PBXVariantGroup;
			children = (
				B6E4336C2046425F002CAB4F /* Base */,
			);
			name = LaunchScreen.storyboard;
			sourceTree = "<group>";
		};
/* End PBXVariantGroup section */

/* Begin XCBuildConfiguration section */
		B6E4336F2046425F002CAB4F /* Debug */ = {
			isa = XCBuildConfiguration;
			buildSettings = {
				ALWAYS_SEARCH_USER_PATHS = NO;
				CLANG_ANALYZER_NONNULL = YES;
				CLANG_ANALYZER_NUMBER_OBJECT_CONVERSION = YES_AGGRESSIVE;
				CLANG_CXX_LANGUAGE_STANDARD = "gnu++14";
				CLANG_CXX_LIBRARY = "libc++";
				CLANG_ENABLE_MODULES = YES;
				CLANG_ENABLE_OBJC_ARC = YES;
				CLANG_WARN_BLOCK_CAPTURE_AUTORELEASING = YES;
				CLANG_WARN_BOOL_CONVERSION = YES;
				CLANG_WARN_COMMA = YES;
				CLANG_WARN_CONSTANT_CONVERSION = YES;
				CLANG_WARN_DIRECT_OBJC_ISA_USAGE = YES_ERROR;
				CLANG_WARN_DOCUMENTATION_COMMENTS = YES;
				CLANG_WARN_EMPTY_BODY = YES;
				CLANG_WARN_ENUM_CONVERSION = YES;
				CLANG_WARN_INFINITE_RECURSION = YES;
				CLANG_WARN_INT_CONVERSION = YES;
				CLANG_WARN_NON_LITERAL_NULL_CONVERSION = YES;
				CLANG_WARN_OBJC_LITERAL_CONVERSION = YES;
				CLANG_WARN_OBJC_ROOT_CLASS = YES_ERROR;
				CLANG_WARN_RANGE_LOOP_ANALYSIS = YES;
				CLANG_WARN_STRICT_PROTOTYPES = YES;
				CLANG_WARN_SUSPICIOUS_MOVE = YES;
				CLANG_WARN_UNGUARDED_AVAILABILITY = YES_AGGRESSIVE;
				CLANG_WARN_UNREACHABLE_CODE = YES;
				CLANG_WARN__DUPLICATE_METHOD_MATCH = YES;
				CODE_SIGN_IDENTITY = "iPhone Developer";
				COPY_PHASE_STRIP = NO;
				DEBUG_INFORMATION_FORMAT = dwarf;
				ENABLE_STRICT_OBJC_MSGSEND = YES;
				ENABLE_TESTABILITY = YES;
				GCC_C_LANGUAGE_STANDARD = gnu11;
				GCC_DYNAMIC_NO_PIC = NO;
				GCC_NO_COMMON_BLOCKS = YES;
				GCC_OPTIMIZATION_LEVEL = 0;
				GCC_PREPROCESSOR_DEFINITIONS = (
					"DEBUG=1",
					"$(inherited)",
				);
				GCC_WARN_64_TO_32_BIT_CONVERSION = YES;
				GCC_WARN_ABOUT_RETURN_TYPE = YES_ERROR;
				GCC_WARN_UNDECLARED_SELECTOR = YES;
				GCC_WARN_UNINITIALIZED_AUTOS = YES_AGGRESSIVE;
				GCC_WARN_UNUSED_FUNCTION = YES;
				GCC_WARN_UNUSED_VARIABLE = YES;
				IPHONEOS_DEPLOYMENT_TARGET = 11.2;
				MTL_ENABLE_DEBUG_INFO = YES;
				ONLY_ACTIVE_ARCH = YES;
				SDKROOT = iphoneos;
				SWIFT_ACTIVE_COMPILATION_CONDITIONS = DEBUG;
				SWIFT_OPTIMIZATION_LEVEL = "-Onone";
			};
			name = Debug;
		};
		B6E433702046425F002CAB4F /* Release */ = {
			isa = XCBuildConfiguration;
			buildSettings = {
				ALWAYS_SEARCH_USER_PATHS = NO;
				CLANG_ANALYZER_NONNULL = YES;
				CLANG_ANALYZER_NUMBER_OBJECT_CONVERSION = YES_AGGRESSIVE;
				CLANG_CXX_LANGUAGE_STANDARD = "gnu++14";
				CLANG_CXX_LIBRARY = "libc++";
				CLANG_ENABLE_MODULES = YES;
				CLANG_ENABLE_OBJC_ARC = YES;
				CLANG_WARN_BLOCK_CAPTURE_AUTORELEASING = YES;
				CLANG_WARN_BOOL_CONVERSION = YES;
				CLANG_WARN_COMMA = YES;
				CLANG_WARN_CONSTANT_CONVERSION = YES;
				CLANG_WARN_DIRECT_OBJC_ISA_USAGE = YES_ERROR;
				CLANG_WARN_DOCUMENTATION_COMMENTS = YES;
				CLANG_WARN_EMPTY_BODY = YES;
				CLANG_WARN_ENUM_CONVERSION = YES;
				CLANG_WARN_INFINITE_RECURSION = YES;
				CLANG_WARN_INT_CONVERSION = YES;
				CLANG_WARN_NON_LITERAL_NULL_CONVERSION = YES;
				CLANG_WARN_OBJC_LITERAL_CONVERSION = YES;
				CLANG_WARN_OBJC_ROOT_CLASS = YES_ERROR;
				CLANG_WARN_RANGE_LOOP_ANALYSIS = YES;
				CLANG_WARN_STRICT_PROTOTYPES = YES;
				CLANG_WARN_SUSPICIOUS_MOVE = YES;
				CLANG_WARN_UNGUARDED_AVAILABILITY = YES_AGGRESSIVE;
				CLANG_WARN_UNREACHABLE_CODE = YES;
				CLANG_WARN__DUPLICATE_METHOD_MATCH = YES;
				CODE_SIGN_IDENTITY = "iPhone Developer";
				COPY_PHASE_STRIP = NO;
				DEBUG_INFORMATION_FORMAT = "dwarf-with-dsym";
				ENABLE_NS_ASSERTIONS = NO;
				ENABLE_STRICT_OBJC_MSGSEND = YES;
				GCC_C_LANGUAGE_STANDARD = gnu11;
				GCC_NO_COMMON_BLOCKS = YES;
				GCC_WARN_64_TO_32_BIT_CONVERSION = YES;
				GCC_WARN_ABOUT_RETURN_TYPE = YES_ERROR;
				GCC_WARN_UNDECLARED_SELECTOR = YES;
				GCC_WARN_UNINITIALIZED_AUTOS = YES_AGGRESSIVE;
				GCC_WARN_UNUSED_FUNCTION = YES;
				GCC_WARN_UNUSED_VARIABLE = YES;
				IPHONEOS_DEPLOYMENT_TARGET = 11.2;
				MTL_ENABLE_DEBUG_INFO = NO;
				SDKROOT = iphoneos;
				SWIFT_OPTIMIZATION_LEVEL = "-Owholemodule";
				VALIDATE_PRODUCT = YES;
			};
			name = Release;
		};
		B6E433722046425F002CAB4F /* Debug */ = {
			isa = XCBuildConfiguration;
			buildSettings = {
				ASSETCATALOG_COMPILER_APPICON_NAME = AppIcon;
				CODE_SIGN_STYLE = Automatic;
				DEVELOPMENT_TEAM = S9NRX8EY6J;
				INFOPLIST_FILE = nZone/Info.plist;
				LD_RUNPATH_SEARCH_PATHS = "$(inherited) @executable_path/Frameworks";
				PRODUCT_BUNDLE_IDENTIFIER = me.dmnc.nZone;
				PRODUCT_NAME = "$(TARGET_NAME)";
				SWIFT_VERSION = 4.0;
				TARGETED_DEVICE_FAMILY = "1,2";
			};
			name = Debug;
		};
		B6E433732046425F002CAB4F /* Release */ = {
			isa = XCBuildConfiguration;
			buildSettings = {
				ASSETCATALOG_COMPILER_APPICON_NAME = AppIcon;
				CODE_SIGN_STYLE = Automatic;
				DEVELOPMENT_TEAM = S9NRX8EY6J;
				INFOPLIST_FILE = nZone/Info.plist;
				LD_RUNPATH_SEARCH_PATHS = "$(inherited) @executable_path/Frameworks";
				PRODUCT_BUNDLE_IDENTIFIER = me.dmnc.nZone;
				PRODUCT_NAME = "$(TARGET_NAME)";
				SWIFT_VERSION = 4.0;
				TARGETED_DEVICE_FAMILY = "1,2";
			};
			name = Release;
		};
/* End XCBuildConfiguration section */

/* Begin XCConfigurationList section */
		B6E433572046425F002CAB4F /* Build configuration list for PBXProject "nZone" */ = {
			isa = XCConfigurationList;
			buildConfigurations = (
				B6E4336F2046425F002CAB4F /* Debug */,
				B6E433702046425F002CAB4F /* Release */,
			);
			defaultConfigurationIsVisible = 0;
			defaultConfigurationName = Release;
		};
		B6E433712046425F002CAB4F /* Build configuration list for PBXNativeTarget "nZone" */ = {
			isa = XCConfigurationList;
			buildConfigurations = (
				B6E433722046425F002CAB4F /* Debug */,
				B6E433732046425F002CAB4F /* Release */,
			);
			defaultConfigurationIsVisible = 0;
			defaultConfigurationName = Release;
		};
/* End XCConfigurationList section */

/* Begin XCVersionGroup section */
		B6E433662046425F002CAB4F /* nZone.xcdatamodeld */ = {
			isa = XCVersionGroup;
			children = (
				B6E433672046425F002CAB4F /* nZone.xcdatamodel */,
			);
			currentVersion = B6E433672046425F002CAB4F /* nZone.xcdatamodel */;
			path = nZone.xcdatamodeld;
			sourceTree = "<group>";
			versionGroupType = wrapper.xcdatamodel;
		};
/* End XCVersionGroup section */
	};
	rootObject = B6E433542046425F002CAB4F /* Project object */;
}
